
Microsoft Visual Studio Solution File, Format Version 12.00
# Visual Studio Version 17
VisualStudioVersion = 17.11.35222.181
MinimumVisualStudioVersion = 10.0.40219.1
Project("{2150E333-8FDC-42A3-9474-1A3956D46DE8}") = "Core", "Core", "{01E98510-4DE2-4994-87C8-A5CA0C98F943}"
EndProject
Project("{2150E333-8FDC-42A3-9474-1A3956D46DE8}") = "Infrastructure", "Infrastructure", "{35295FF6-1753-4EF4-AA4D-8CE77CC06D5E}"
EndProject
Project("{2150E333-8FDC-42A3-9474-1A3956D46DE8}") = "Presentation", "Presentation", "{CA87D7D7-C6EA-4975-9C81-FDBE83515DE6}"
EndProject
Project("{9A19103F-16F7-4668-BE54-9A1E7A4F7556}") = "Desafio.Infrastructure.Persistence", "Desafio.Infrastructure.Persistence\Desafio.Infrastructure.Persistence.csproj", "{952F92A9-8489-44C6-AC08-C80180BEB42D}"
EndProject
Project("{9A19103F-16F7-4668-BE54-9A1E7A4F7556}") = "Desafio.Core.Application", "Desafio.Core.Application\Desafio.Core.Application.csproj", "{4099CD64-CF26-4F5E-ACD3-284BAAE94464}"
EndProject
Project("{9A19103F-16F7-4668-BE54-9A1E7A4F7556}") = "Desafio.Core.Domain", "Desafio.Core.Domain\Desafio.Core.Domain.csproj", "{84D732BD-C235-4CCE-979E-8575CEA15454}"
EndProject
Project("{2150E333-8FDC-42A3-9474-1A3956D46DE8}") = "Test", "Test", "{5A0E08A4-CBD2-43DD-B4B8-F5DA9DBBDE09}"
EndProject
Project("{9A19103F-16F7-4668-BE54-9A1E7A4F7556}") = "Desafio.Presentation.API", "Desafio.Presentation.API\Desafio.Presentation.API.csproj", "{6FBF9391-0B9E-4EC8-8100-0864B1417A62}"
EndProject
Project("{E53339B2-1760-4266-BCC7-CA923CBCF16C}") = "docker-compose", "docker-compose.dcproj", "{C10C30C0-101F-4CE8-88A1-19C7F3B24384}"
EndProject
Project("{FAE04EC0-301F-11D3-BF4B-00C04F79EFBC}") = "Desafio.Test.UnitTest", "Desafio.Test.UnitTest\Desafio.Test.UnitTest.csproj", "{E94E359D-218F-4AF2-A332-89EAB7CBF1B1}"
EndProject
Global
	GlobalSection(SolutionConfigurationPlatforms) = preSolution
		Debug|Any CPU = Debug|Any CPU
		Release|Any CPU = Release|Any CPU
	EndGlobalSection
	GlobalSection(ProjectConfigurationPlatforms) = postSolution
		{952F92A9-8489-44C6-AC08-C80180BEB42D}.Debug|Any CPU.ActiveCfg = Debug|Any CPU
		{952F92A9-8489-44C6-AC08-C80180BEB42D}.Debug|Any CPU.Build.0 = Debug|Any CPU
		{952F92A9-8489-44C6-AC08-C80180BEB42D}.Release|Any CPU.ActiveCfg = Release|Any CPU
		{952F92A9-8489-44C6-AC08-C80180BEB42D}.Release|Any CPU.Build.0 = Release|Any CPU
		{4099CD64-CF26-4F5E-ACD3-284BAAE94464}.Debug|Any CPU.ActiveCfg = Debug|Any CPU
		{4099CD64-CF26-4F5E-ACD3-284BAAE94464}.Debug|Any CPU.Build.0 = Debug|Any CPU
		{4099CD64-CF26-4F5E-ACD3-284BAAE94464}.Release|Any CPU.ActiveCfg = Release|Any CPU
		{4099CD64-CF26-4F5E-ACD3-284BAAE94464}.Release|Any CPU.Build.0 = Release|Any CPU
		{84D732BD-C235-4CCE-979E-8575CEA15454}.Debug|Any CPU.ActiveCfg = Debug|Any CPU
		{84D732BD-C235-4CCE-979E-8575CEA15454}.Debug|Any CPU.Build.0 = Debug|Any CPU
		{84D732BD-C235-4CCE-979E-8575CEA15454}.Release|Any CPU.ActiveCfg = Release|Any CPU
		{84D732BD-C235-4CCE-979E-8575CEA15454}.Release|Any CPU.Build.0 = Release|Any CPU
		{6FBF9391-0B9E-4EC8-8100-0864B1417A62}.Debug|Any CPU.ActiveCfg = Debug|Any CPU
		{6FBF9391-0B9E-4EC8-8100-0864B1417A62}.Debug|Any CPU.Build.0 = Debug|Any CPU
		{6FBF9391-0B9E-4EC8-8100-0864B1417A62}.Release|Any CPU.ActiveCfg = Release|Any CPU
		{6FBF9391-0B9E-4EC8-8100-0864B1417A62}.Release|Any CPU.Build.0 = Release|Any CPU
		{C10C30C0-101F-4CE8-88A1-19C7F3B24384}.Debug|Any CPU.ActiveCfg = Debug|Any CPU
		{C10C30C0-101F-4CE8-88A1-19C7F3B24384}.Debug|Any CPU.Build.0 = Debug|Any CPU
		{C10C30C0-101F-4CE8-88A1-19C7F3B24384}.Release|Any CPU.ActiveCfg = Release|Any CPU
		{C10C30C0-101F-4CE8-88A1-19C7F3B24384}.Release|Any CPU.Build.0 = Release|Any CPU
		{E94E359D-218F-4AF2-A332-89EAB7CBF1B1}.Debug|Any CPU.ActiveCfg = Debug|Any CPU
		{E94E359D-218F-4AF2-A332-89EAB7CBF1B1}.Debug|Any CPU.Build.0 = Debug|Any CPU
		{E94E359D-218F-4AF2-A332-89EAB7CBF1B1}.Release|Any CPU.ActiveCfg = Release|Any CPU
		{E94E359D-218F-4AF2-A332-89EAB7CBF1B1}.Release|Any CPU.Build.0 = Release|Any CPU
	EndGlobalSection
	GlobalSection(SolutionProperties) = preSolution
		HideSolutionNode = FALSE
	EndGlobalSection
	GlobalSection(NestedProjects) = preSolution
		{952F92A9-8489-44C6-AC08-C80180BEB42D} = {35295FF6-1753-4EF4-AA4D-8CE77CC06D5E}
		{4099CD64-CF26-4F5E-ACD3-284BAAE94464} = {01E98510-4DE2-4994-87C8-A5CA0C98F943}
		{84D732BD-C235-4CCE-979E-8575CEA15454} = {01E98510-4DE2-4994-87C8-A5CA0C98F943}
		{6FBF9391-0B9E-4EC8-8100-0864B1417A62} = {CA87D7D7-C6EA-4975-9C81-FDBE83515DE6}
		{E94E359D-218F-4AF2-A332-89EAB7CBF1B1} = {5A0E08A4-CBD2-43DD-B4B8-F5DA9DBBDE09}
	EndGlobalSection
	GlobalSection(ExtensibilityGlobals) = postSolution
		SolutionGuid = {44982521-A95E-4A03-A475-EB870AA4A3E0}
	EndGlobalSection
EndGlobal
